{
  "name": "tree-sitter-satsuma",
  "version": "2.0.0",
  "lockfileVersion": 3,
  "requires": true,
  "packages": {
    "": {
      "name": "tree-sitter-satsuma",
      "version": "2.0.0",
      "hasInstallScript": true,
      "license": "MIT",
      "devDependencies": {
        "tree-sitter-cli": "^0.26.7"
      }
    },
    "node_modules/tree-sitter-cli": {
      "version": "0.26.7",
      "resolved": "https://registry.npmjs.org/tree-sitter-cli/-/tree-sitter-cli-0.26.7.tgz",
      "integrity": "sha512-fOg/DokJr/gW7suy9IypT1MQon28+JxOmtjudrT04rHRyqVJzrvakrojwyU8r0U6UNRsZKilb8VIhyarv2XUkQ==",
      "dev": true,
      "hasInstallScript": true,
      "license": "MIT",
      "bin": {
        "tree-sitter": "cli.js"
      },
      "engines": {
        "node": ">=12.0.0"
      }
    }
  }
}
